
Microsoft Visual Studio Solution File, Format Version 12.00
# Visual Studio Version 17
VisualStudioVersion = 17.14.36310.24
MinimumVisualStudioVersion = 10.0.40219.1
Project("{FAE04EC0-301F-11D3-BF4B-00C04F79EFBC}") = "PaymentGateway.API", "PaymentGateway.API.csproj", "{C88AF817-6ABF-43F6-B729-8493CCFCCBC0}"
EndProject
Project("{FAE04EC0-301F-11D3-BF4B-00C04F79EFBC}") = "PaymentGateway.Data", "..\PaymentGateway.Data\PaymentGateway.Data.csproj", "{AD7749F3-9024-48D0-8629-99EA6CA91539}"
EndProject
Project("{FAE04EC0-301F-11D3-BF4B-00C04F79EFBC}") = "PaymentGateway.Application", "..\PaymentGateway.Application\PaymentGateway.Application.csproj", "{7AF01FDD-2813-40A8-B806-92080667CE80}"
EndProject
Project("{FAE04EC0-301F-11D3-BF4B-00C04F79EFBC}") = "PaymentGateway.Shared", "..\PaymentGateway.Shared\PaymentGateway.Shared.csproj", "{C0212B15-68C0-46DE-8119-36F39EBEBD53}"
EndProject
Project("{FAE04EC0-301F-11D3-BF4B-00C04F79EFBC}") = "PaymentGateway.Mapper", "..\PaymentGateway.Mapper\PaymentGateway.Mapper.csproj", "{828083E1-EAF0-4CD5-AA2C-2EDFCE5A8834}"
EndProject
Project("{FAE04EC0-301F-11D3-BF4B-00C04F79EFBC}") = "WebhookHandler", "..\WebhookHandler\WebhookHandler.csproj", "{29CC7AED-87CE-467F-B6EE-3660DA2CB4EC}"
EndProject
Project("{FAE04EC0-301F-11D3-BF4B-00C04F79EFBC}") = "WebhookHandler.Data", "..\WebhookHandler.Data\WebhookHandler.Data.csproj", "{1942D1AD-A961-4874-BFAC-3964BB144708}"
EndProject
Project("{2150E333-8FDC-42A3-9474-1A3956D46DE8}") = "PaymentGateway", "PaymentGateway", "{02EA681E-C7D8-13C7-8484-4AC65E1B71E8}"
EndProject
Project("{2150E333-8FDC-42A3-9474-1A3956D46DE8}") = "Webhook", "Webhook", "{2134B166-DE53-4604-BEA4-46C90DCB4300}"
EndProject
Project("{FAE04EC0-301F-11D3-BF4B-00C04F79EFBC}") = "WebhookHandler.Application", "..\WebhookHandler.Application\WebhookHandler.Application.csproj", "{4612DE83-BFE8-4077-9550-91BD52B4C36A}"
EndProject
Global
	GlobalSection(SolutionConfigurationPlatforms) = preSolution
		Debug|Any CPU = Debug|Any CPU
		Release|Any CPU = Release|Any CPU
	EndGlobalSection
	GlobalSection(ProjectConfigurationPlatforms) = postSolution
		{C88AF817-6ABF-43F6-B729-8493CCFCCBC0}.Debug|Any CPU.ActiveCfg = Debug|Any CPU
		{C88AF817-6ABF-43F6-B729-8493CCFCCBC0}.Debug|Any CPU.Build.0 = Debug|Any CPU
		{C88AF817-6ABF-43F6-B729-8493CCFCCBC0}.Release|Any CPU.ActiveCfg = Release|Any CPU
		{C88AF817-6ABF-43F6-B729-8493CCFCCBC0}.Release|Any CPU.Build.0 = Release|Any CPU
		{AD7749F3-9024-48D0-8629-99EA6CA91539}.Debug|Any CPU.ActiveCfg = Debug|Any CPU
		{AD7749F3-9024-48D0-8629-99EA6CA91539}.Debug|Any CPU.Build.0 = Debug|Any CPU
		{AD7749F3-9024-48D0-8629-99EA6CA91539}.Release|Any CPU.ActiveCfg = Release|Any CPU
		{AD7749F3-9024-48D0-8629-99EA6CA91539}.Release|Any CPU.Build.0 = Release|Any CPU
		{7AF01FDD-2813-40A8-B806-92080667CE80}.Debug|Any CPU.ActiveCfg = Debug|Any CPU
		{7AF01FDD-2813-40A8-B806-92080667CE80}.Debug|Any CPU.Build.0 = Debug|Any CPU
		{7AF01FDD-2813-40A8-B806-92080667CE80}.Release|Any CPU.ActiveCfg = Release|Any CPU
		{7AF01FDD-2813-40A8-B806-92080667CE80}.Release|Any CPU.Build.0 = Release|Any CPU
		{C0212B15-68C0-46DE-8119-36F39EBEBD53}.Debug|Any CPU.ActiveCfg = Debug|Any CPU
		{C0212B15-68C0-46DE-8119-36F39EBEBD53}.Debug|Any CPU.Build.0 = Debug|Any CPU
		{C0212B15-68C0-46DE-8119-36F39EBEBD53}.Release|Any CPU.ActiveCfg = Release|Any CPU
		{C0212B15-68C0-46DE-8119-36F39EBEBD53}.Release|Any CPU.Build.0 = Release|Any CPU
		{828083E1-EAF0-4CD5-AA2C-2EDFCE5A8834}.Debug|Any CPU.ActiveCfg = Debug|Any CPU
		{828083E1-EAF0-4CD5-AA2C-2EDFCE5A8834}.Debug|Any CPU.Build.0 = Debug|Any CPU
		{828083E1-EAF0-4CD5-AA2C-2EDFCE5A8834}.Release|Any CPU.ActiveCfg = Release|Any CPU
		{828083E1-EAF0-4CD5-AA2C-2EDFCE5A8834}.Release|Any CPU.Build.0 = Release|Any CPU
		{29CC7AED-87CE-467F-B6EE-3660DA2CB4EC}.Debug|Any CPU.ActiveCfg = Debug|Any CPU
		{29CC7AED-87CE-467F-B6EE-3660DA2CB4EC}.Debug|Any CPU.Build.0 = Debug|Any CPU
		{29CC7AED-87CE-467F-B6EE-3660DA2CB4EC}.Release|Any CPU.ActiveCfg = Release|Any CPU
		{29CC7AED-87CE-467F-B6EE-3660DA2CB4EC}.Release|Any CPU.Build.0 = Release|Any CPU
		{1942D1AD-A961-4874-BFAC-3964BB144708}.Debug|Any CPU.ActiveCfg = Debug|Any CPU
		{1942D1AD-A961-4874-BFAC-3964BB144708}.Debug|Any CPU.Build.0 = Debug|Any CPU
		{1942D1AD-A961-4874-BFAC-3964BB144708}.Release|Any CPU.ActiveCfg = Release|Any CPU
		{1942D1AD-A961-4874-BFAC-3964BB144708}.Release|Any CPU.Build.0 = Release|Any CPU
		{4612DE83-BFE8-4077-9550-91BD52B4C36A}.Debug|Any CPU.ActiveCfg = Debug|Any CPU
		{4612DE83-BFE8-4077-9550-91BD52B4C36A}.Debug|Any CPU.Build.0 = Debug|Any CPU
		{4612DE83-BFE8-4077-9550-91BD52B4C36A}.Release|Any CPU.ActiveCfg = Release|Any CPU
		{4612DE83-BFE8-4077-9550-91BD52B4C36A}.Release|Any CPU.Build.0 = Release|Any CPU
	EndGlobalSection
	GlobalSection(SolutionProperties) = preSolution
		HideSolutionNode = FALSE
	EndGlobalSection
	GlobalSection(NestedProjects) = preSolution
		{C88AF817-6ABF-43F6-B729-8493CCFCCBC0} = {02EA681E-C7D8-13C7-8484-4AC65E1B71E8}
		{AD7749F3-9024-48D0-8629-99EA6CA91539} = {02EA681E-C7D8-13C7-8484-4AC65E1B71E8}
		{7AF01FDD-2813-40A8-B806-92080667CE80} = {02EA681E-C7D8-13C7-8484-4AC65E1B71E8}
		{C0212B15-68C0-46DE-8119-36F39EBEBD53} = {02EA681E-C7D8-13C7-8484-4AC65E1B71E8}
		{828083E1-EAF0-4CD5-AA2C-2EDFCE5A8834} = {02EA681E-C7D8-13C7-8484-4AC65E1B71E8}
		{29CC7AED-87CE-467F-B6EE-3660DA2CB4EC} = {2134B166-DE53-4604-BEA4-46C90DCB4300}
		{1942D1AD-A961-4874-BFAC-3964BB144708} = {2134B166-DE53-4604-BEA4-46C90DCB4300}
		{4612DE83-BFE8-4077-9550-91BD52B4C36A} = {2134B166-DE53-4604-BEA4-46C90DCB4300}
	EndGlobalSection
	GlobalSection(ExtensibilityGlobals) = postSolution
		SolutionGuid = {D31F73A5-CB62-46AD-B0AD-B84DCBEE69BB}
	EndGlobalSection
EndGlobal
